<?xml version="1.0" encoding="utf-8"?>
<Project ToolsVersion="4.0" xmlns="http://schemas.microsoft.com/developer/msbuild/2003">
  <ItemGroup>
    <Filter Include="源文件">
      <UniqueIdentifier>{4FC737F1-C7A5-4376-A066-2A32D752A2FF}</UniqueIdentifier>
      <Extensions>cpp;c;cc;cxx;def;odl;idl;hpj;bat;asm;asmx</Extensions>
    </Filter>
    <Filter Include="头文件">
      <UniqueIdentifier>{93995380-89BD-4b04-88EB-625FBE52EBFB}</UniqueIdentifier>
      <Extensions>h;hh;hpp;hxx;hm;inl;inc;ipp;xsd</Extensions>
    </Filter>
    <Filter Include="资源文件">
      <UniqueIdentifier>{67DA6AB6-F800-4c08-8B7A-83BB121AAD01}</UniqueIdentifier>
      <Extensions>rc;ico;cur;bmp;dlg;rc2;rct;bin;rgs;gif;jpg;jpeg;jpe;resx;tiff;tif;png;wav;mfcribbon-ms</Extensions>
    </Filter>
  </ItemGroup>
  <ItemGroup>
    <ClCompile Include="main.cpp">
      <Filter>源文件</Filter>
    </ClCompile>
    <ClCompile Include="..\Poker\Action.cpp">
      <Filter>源文件</Filter>
    </ClCompile>
    <ClCompile Include="..\Poker\Add13.cpp">
      <Filter>源文件</Filter>
    </ClCompile>
    <ClCompile Include="..\Poker\Restore.cpp">
      <Filter>源文件</Filter>
    </ClCompile>
    <ClCompile Include="..\Poker\Card.cpp">
      <Filter>源文件</Filter>
    </ClCompile>
    <ClCompile Include="..\Poker\Deal.cpp">
      <Filter>源文件</Filter>
    </ClCompile>
    <ClCompile Include="..\Poker\PMove.cpp">
      <Filter>源文件</Filter>
    </ClCompile>
    <ClCompile Include="..\Poker\Poker.cpp">
      <Filter>源文件</Filter>
    </ClCompile>
    <ClCompile Include="..\Poker\ReleaseCorner.cpp">
      <Filter>源文件</Filter>
    </ClCompile>
    <ClCompile Include="..\Poker\Manager.cpp">
      <Filter>源文件</Filter>
    </ClCompile>
  </ItemGroup>
  <ItemGroup>
    <ClInclude Include="..\Poker\Action.h">
      <Filter>头文件</Filter>
    </ClInclude>
    <ClInclude Include="..\Poker\Add13.h">
      <Filter>头文件</Filter>
    </ClInclude>
    <ClInclude Include="..\Poker\Card.h">
      <Filter>头文件</Filter>
    </ClInclude>
    <ClInclude Include="..\Poker\Deal.h">
      <Filter>头文件</Filter>
    </ClInclude>
    <ClInclude Include="..\Poker\Manager.h">
      <Filter>头文件</Filter>
    </ClInclude>
    <ClInclude Include="..\Poker\PMove.h">
      <Filter>头文件</Filter>
    </ClInclude>
    <ClInclude Include="..\Poker\Poker.h">
      <Filter>头文件</Filter>
    </ClInclude>
    <ClInclude Include="..\Poker\ReleaseCorner.h">
      <Filter>头文件</Filter>
    </ClInclude>
    <ClInclude Include="..\Poker\Restore.h">
      <Filter>头文件</Filter>
    </ClInclude>
  </ItemGroup>
</Project>