<?xml version="1.0" encoding="utf-8"?>
<Project ToolsVersion="4.0" xmlns="http://schemas.microsoft.com/developer/msbuild/2003">
  <ItemGroup>
    <Filter Include="源文件">
      <UniqueIdentifier>{4FC737F1-C7A5-4376-A066-2A32D752A2FF}</UniqueIdentifier>
      <Extensions>cpp;c;cc;cxx;def;odl;idl;hpj;bat;asm;asmx</Extensions>
    </Filter>
    <Filter Include="头文件">
      <UniqueIdentifier>{93995380-89BD-4b04-88EB-625FBE52EBFB}</UniqueIdentifier>
      <Extensions>h;hh;hpp;hxx;hm;inl;inc;xsd</Extensions>
    </Filter>
    <Filter Include="资源文件">
      <UniqueIdentifier>{67DA6AB6-F800-4c08-8B7A-83BB121AAD01}</UniqueIdentifier>
      <Extensions>rc;ico;cur;bmp;dlg;rc2;rct;bin;rgs;gif;jpg;jpeg;jpe;resx;tiff;tif;png;wav;mfcribbon-ms</Extensions>
    </Filter>
  </ItemGroup>
  <ItemGroup>
    <ClCompile Include="main.cpp">
      <Filter>源文件</Filter>
    </ClCompile>
    <ClCompile Include="Poker\Poker.cpp">
      <Filter>源文件</Filter>
    </ClCompile>
    <ClCompile Include="Poker\Card.cpp">
      <Filter>源文件</Filter>
    </ClCompile>
    <ClCompile Include="Poker\Deal.cpp">
      <Filter>源文件</Filter>
    </ClCompile>
    <ClCompile Include="Poker\Action.cpp">
      <Filter>源文件</Filter>
    </ClCompile>
    <ClCompile Include="Poker\Add13.cpp">
      <Filter>源文件</Filter>
    </ClCompile>
    <ClCompile Include="Poker\PMove.cpp">
      <Filter>源文件</Filter>
    </ClCompile>
    <ClCompile Include="Poker\ReleaseCorner.cpp">
      <Filter>源文件</Filter>
    </ClCompile>
    <ClCompile Include="MainWindow.cpp">
      <Filter>源文件</Filter>
    </ClCompile>
    <ClCompile Include="TImage.cpp">
      <Filter>源文件</Filter>
    </ClCompile>
    <ClCompile Include="stdafx.cpp">
      <Filter>源文件</Filter>
    </ClCompile>
    <ClCompile Include="Dialog\DialogChooseLevel.cpp">
      <Filter>源文件</Filter>
    </ClCompile>
    <ClCompile Include="Poker\Manager.cpp">
      <Filter>源文件</Filter>
    </ClCompile>
    <ClCompile Include="Poker\Restore.cpp">
      <Filter>源文件</Filter>
    </ClCompile>
    <ClCompile Include="Animation\AbstractAnimation.cpp">
      <Filter>源文件</Filter>
    </ClCompile>
    <ClCompile Include="Animation\SequentialAnimation.cpp">
      <Filter>源文件</Filter>
    </ClCompile>
    <ClCompile Include="POINT.cpp">
      <Filter>源文件</Filter>
    </ClCompile>
    <ClCompile Include="Animation\ParallelAnimation.cpp">
      <Filter>源文件</Filter>
    </ClCompile>
    <ClCompile Include="Poker\CardTurnOverAnimation.cpp">
      <Filter>源文件</Filter>
    </ClCompile>
    <ClCompile Include="Dialog\DialogAuto.cpp">
      <Filter>源文件</Filter>
    </ClCompile>
    <ClCompile Include="Control\TCheckBox.cpp">
      <Filter>源文件</Filter>
    </ClCompile>
    <ClCompile Include="Control\TControl.cpp">
      <Filter>源文件</Filter>
    </ClCompile>
    <ClCompile Include="Control\TButton.cpp">
      <Filter>源文件</Filter>
    </ClCompile>
    <ClCompile Include="Control\tstring.cpp">
      <Filter>源文件</Filter>
    </ClCompile>
    <ClCompile Include="Firework.cpp">
      <Filter>源文件</Filter>
    </ClCompile>
    <ClCompile Include="Dialog\DialogAbout.cpp">
      <Filter>源文件</Filter>
    </ClCompile>
    <ClCompile Include="Control\TGroupBox.cpp">
      <Filter>源文件</Filter>
    </ClCompile>
    <ClCompile Include="Control\TEdit.cpp">
      <Filter>源文件</Filter>
    </ClCompile>
    <ClCompile Include="Control\TRadioButtonGroup.cpp">
      <Filter>源文件</Filter>
    </ClCompile>
    <ClCompile Include="Control\TStatic.cpp">
      <Filter>源文件</Filter>
    </ClCompile>
    <ClCompile Include="DialogSearch.cpp">
      <Filter>源文件</Filter>
    </ClCompile>
  </ItemGroup>
  <ItemGroup>
    <ClInclude Include="Poker\Poker.h">
      <Filter>头文件</Filter>
    </ClInclude>
    <ClInclude Include="Poker\Card.h">
      <Filter>头文件</Filter>
    </ClInclude>
    <ClInclude Include="Poker\Deal.h">
      <Filter>头文件</Filter>
    </ClInclude>
    <ClInclude Include="Poker\Action.h">
      <Filter>头文件</Filter>
    </ClInclude>
    <ClInclude Include="Poker\Add13.h">
      <Filter>头文件</Filter>
    </ClInclude>
    <ClInclude Include="Poker\PMove.h">
      <Filter>头文件</Filter>
    </ClInclude>
    <ClInclude Include="Poker\ReleaseCorner.h">
      <Filter>头文件</Filter>
    </ClInclude>
    <ClInclude Include="MainWindow.h">
      <Filter>头文件</Filter>
    </ClInclude>
    <ClInclude Include="stdafx.h">
      <Filter>头文件</Filter>
    </ClInclude>
    <ClInclude Include="resource.h">
      <Filter>头文件</Filter>
    </ClInclude>
    <ClInclude Include="TImage.h">
      <Filter>头文件</Filter>
    </ClInclude>
    <ClInclude Include="Dialog\DialogChooseLevel.h">
      <Filter>头文件</Filter>
    </ClInclude>
    <ClInclude Include="Poker\Manager.h">
      <Filter>头文件</Filter>
    </ClInclude>
    <ClInclude Include="Poker\Restore.h">
      <Filter>头文件</Filter>
    </ClInclude>
    <ClInclude Include="Animation\AbstractAnimation.h">
      <Filter>头文件</Filter>
    </ClInclude>
    <ClInclude Include="Animation\SequentialAnimation.h">
      <Filter>头文件</Filter>
    </ClInclude>
    <ClInclude Include="Animation\SettingAnimation.h">
      <Filter>头文件</Filter>
    </ClInclude>
    <ClInclude Include="POINT.h">
      <Filter>头文件</Filter>
    </ClInclude>
    <ClInclude Include="Animation\ValueAnimation.h">
      <Filter>头文件</Filter>
    </ClInclude>
    <ClInclude Include="Animation\ParallelAnimation.h">
      <Filter>头文件</Filter>
    </ClInclude>
    <ClInclude Include="Poker\CardTurnOverAnimation.h">
      <Filter>头文件</Filter>
    </ClInclude>
    <ClInclude Include="Control\TButton.h">
      <Filter>头文件</Filter>
    </ClInclude>
    <ClInclude Include="Control\TCheckBox.h">
      <Filter>头文件</Filter>
    </ClInclude>
    <ClInclude Include="Control\TControl.h">
      <Filter>头文件</Filter>
    </ClInclude>
    <ClInclude Include="Control\tstring.h">
      <Filter>头文件</Filter>
    </ClInclude>
    <ClInclude Include="Dialog\DialogAuto.h">
      <Filter>头文件</Filter>
    </ClInclude>
    <ClInclude Include="Firework.h">
      <Filter>头文件</Filter>
    </ClInclude>
    <ClInclude Include="Control\TGroupBox.h">
      <Filter>头文件</Filter>
    </ClInclude>
    <ClInclude Include="Control\TEdit.h">
      <Filter>头文件</Filter>
    </ClInclude>
    <ClInclude Include="Control\TRadioButtonGroup.h">
      <Filter>头文件</Filter>
    </ClInclude>
    <ClInclude Include="Control\TStatic.h">
      <Filter>头文件</Filter>
    </ClInclude>
    <ClInclude Include="DialogSearch.h">
      <Filter>头文件</Filter>
    </ClInclude>
  </ItemGroup>
  <ItemGroup>
    <ResourceCompile Include="Credible Spider.rc">
      <Filter>资源文件</Filter>
    </ResourceCompile>
  </ItemGroup>
  <ItemGroup>
    <Image Include="Resource\background.bmp">
      <Filter>资源文件</Filter>
    </Image>
    <Image Include="Resource\cardback.bmp">
      <Filter>资源文件</Filter>
    </Image>
    <Image Include="Resource\icon.ico">
      <Filter>资源文件</Filter>
    </Image>
    <Image Include="Resource\suit_icon1.ico">
      <Filter>资源文件</Filter>
    </Image>
    <Image Include="Resource\suit_icon2.ico">
      <Filter>资源文件</Filter>
    </Image>
    <Image Include="Resource\suit_icon3.ico">
      <Filter>资源文件</Filter>
    </Image>
    <Image Include="Resource\suit_icon4.ico">
      <Filter>资源文件</Filter>
    </Image>
    <Image Include="Resource\cardempty.bmp">
      <Filter>资源文件</Filter>
    </Image>
    <Image Include="Resource\card\CARD1.bmp">
      <Filter>资源文件</Filter>
    </Image>
    <Image Include="Resource\card\CARD2.bmp">
      <Filter>资源文件</Filter>
    </Image>
    <Image Include="Resource\card\CARD3.bmp">
      <Filter>资源文件</Filter>
    </Image>
    <Image Include="Resource\card\CARD4.bmp">
      <Filter>资源文件</Filter>
    </Image>
    <Image Include="Resource\card\CARD5.bmp">
      <Filter>资源文件</Filter>
    </Image>
    <Image Include="Resource\card\CARD6.bmp">
      <Filter>资源文件</Filter>
    </Image>
    <Image Include="Resource\card\CARD7.bmp">
      <Filter>资源文件</Filter>
    </Image>
    <Image Include="Resource\card\CARD8.bmp">
      <Filter>资源文件</Filter>
    </Image>
    <Image Include="Resource\card\CARD9.bmp">
      <Filter>资源文件</Filter>
    </Image>
    <Image Include="Resource\card\CARD10.bmp">
      <Filter>资源文件</Filter>
    </Image>
    <Image Include="Resource\card\CARD11.bmp">
      <Filter>资源文件</Filter>
    </Image>
    <Image Include="Resource\card\CARD12.bmp">
      <Filter>资源文件</Filter>
    </Image>
    <Image Include="Resource\card\CARD13.bmp">
      <Filter>资源文件</Filter>
    </Image>
    <Image Include="Resource\card\CARD14.bmp">
      <Filter>资源文件</Filter>
    </Image>
    <Image Include="Resource\card\CARD15.bmp">
      <Filter>资源文件</Filter>
    </Image>
    <Image Include="Resource\card\CARD16.bmp">
      <Filter>资源文件</Filter>
    </Image>
    <Image Include="Resource\card\CARD17.bmp">
      <Filter>资源文件</Filter>
    </Image>
    <Image Include="Resource\card\CARD18.bmp">
      <Filter>资源文件</Filter>
    </Image>
    <Image Include="Resource\card\CARD19.bmp">
      <Filter>资源文件</Filter>
    </Image>
    <Image Include="Resource\card\CARD20.bmp">
      <Filter>资源文件</Filter>
    </Image>
    <Image Include="Resource\card\CARD21.bmp">
      <Filter>资源文件</Filter>
    </Image>
    <Image Include="Resource\card\CARD22.bmp">
      <Filter>资源文件</Filter>
    </Image>
    <Image Include="Resource\card\CARD23.bmp">
      <Filter>资源文件</Filter>
    </Image>
    <Image Include="Resource\card\CARD24.bmp">
      <Filter>资源文件</Filter>
    </Image>
    <Image Include="Resource\card\CARD25.bmp">
      <Filter>资源文件</Filter>
    </Image>
    <Image Include="Resource\card\CARD26.bmp">
      <Filter>资源文件</Filter>
    </Image>
    <Image Include="Resource\card\CARD27.bmp">
      <Filter>资源文件</Filter>
    </Image>
    <Image Include="Resource\card\CARD28.bmp">
      <Filter>资源文件</Filter>
    </Image>
    <Image Include="Resource\card\CARD29.bmp">
      <Filter>资源文件</Filter>
    </Image>
    <Image Include="Resource\card\CARD30.bmp">
      <Filter>资源文件</Filter>
    </Image>
    <Image Include="Resource\card\CARD31.bmp">
      <Filter>资源文件</Filter>
    </Image>
    <Image Include="Resource\card\CARD32.bmp">
      <Filter>资源文件</Filter>
    </Image>
    <Image Include="Resource\card\CARD33.bmp">
      <Filter>资源文件</Filter>
    </Image>
    <Image Include="Resource\card\CARD34.bmp">
      <Filter>资源文件</Filter>
    </Image>
    <Image Include="Resource\card\CARD35.bmp">
      <Filter>资源文件</Filter>
    </Image>
    <Image Include="Resource\card\CARD36.bmp">
      <Filter>资源文件</Filter>
    </Image>
    <Image Include="Resource\card\CARD37.bmp">
      <Filter>资源文件</Filter>
    </Image>
    <Image Include="Resource\card\CARD38.bmp">
      <Filter>资源文件</Filter>
    </Image>
    <Image Include="Resource\card\CARD39.bmp">
      <Filter>资源文件</Filter>
    </Image>
    <Image Include="Resource\card\CARD40.bmp">
      <Filter>资源文件</Filter>
    </Image>
    <Image Include="Resource\card\CARD41.bmp">
      <Filter>资源文件</Filter>
    </Image>
    <Image Include="Resource\card\CARD42.bmp">
      <Filter>资源文件</Filter>
    </Image>
    <Image Include="Resource\card\CARD43.bmp">
      <Filter>资源文件</Filter>
    </Image>
    <Image Include="Resource\card\CARD44.bmp">
      <Filter>资源文件</Filter>
    </Image>
    <Image Include="Resource\card\CARD45.bmp">
      <Filter>资源文件</Filter>
    </Image>
    <Image Include="Resource\card\CARD46.bmp">
      <Filter>资源文件</Filter>
    </Image>
    <Image Include="Resource\card\CARD47.bmp">
      <Filter>资源文件</Filter>
    </Image>
    <Image Include="Resource\card\CARD48.bmp">
      <Filter>资源文件</Filter>
    </Image>
    <Image Include="Resource\card\CARD49.bmp">
      <Filter>资源文件</Filter>
    </Image>
    <Image Include="Resource\card\CARD50.bmp">
      <Filter>资源文件</Filter>
    </Image>
    <Image Include="Resource\card\CARD51.bmp">
      <Filter>资源文件</Filter>
    </Image>
    <Image Include="Resource\card\CARD52.bmp">
      <Filter>资源文件</Filter>
    </Image>
    <Image Include="Resource\Katze.ico">
      <Filter>资源文件</Filter>
    </Image>
    <Image Include="Resource\cardmask.bmp">
      <Filter>资源文件</Filter>
    </Image>
  </ItemGroup>
  <ItemGroup>
    <Manifest Include="Resource\xp.manifest" />
  </ItemGroup>
  <ItemGroup>
    <Media Include="Resource\deal.wav">
      <Filter>资源文件</Filter>
    </Media>
    <Media Include="Resource\no_tip.wav">
      <Filter>资源文件</Filter>
    </Media>
    <Media Include="Resource\pickup.wav">
      <Filter>资源文件</Filter>
    </Media>
    <Media Include="Resource\putdown.wav">
      <Filter>资源文件</Filter>
    </Media>
    <Media Include="Resource\success.wav">
      <Filter>资源文件</Filter>
    </Media>
    <Media Include="Resource\tip.wav">
      <Filter>资源文件</Filter>
    </Media>
    <Media Include="Resource\firework.wav">
      <Filter>资源文件</Filter>
    </Media>
    <Media Include="Resource\launch.wav">
      <Filter>资源文件</Filter>
    </Media>
  </ItemGroup>
</Project>